lockfileVersion: '9.0'

settings:
  autoInstallPeers: true
  excludeLinksFromLockfile: false

importers:

  .:
    dependencies:
      '@effect/platform':
        specifier: ^0.96.0
        version: 0.96.0(effect@3.21.1)
      '@effect/platform-bun':
        specifier: ^0.89.0
        version: 0.89.0(@effect/cluster@0.58.1(@effect/platform@0.96.0(effect@3.21.1))(@effect/rpc@0.75.0(@effect/platform@0.96.0(effect@3.21.1))(effect@3.21.1))(@effect/sql@0.51.0(@effect/experimental@0.60.0(@effect/platform@0.96.0(effect@3.21.1))(effect@3.21.1))(@effect/platform@0.96.0(effect@3.21.1))(effect@3.21.1))(@effect/workflow@0.18.0(@effect/experimental@0.60.0(@effect/platform@0.96.0(effect@3.21.1))(effect@3.21.1))(@effect/platform@0.96.0(effect@3.21.1))(@effect/rpc@0.75.0(@effect/platform@0.96.0(effect@3.21.1))(effect@3.21.1))(effect@3.21.1))(effect@3.21.1))(@effect/platform@0.96.0(effect@3.21.1))(@effect/rpc@0.75.0(@effect/platform@0.96.0(effect@3.21.1))(effect@3.21.1))(@effect/sql@0.51.0(@effect/experimental@0.60.0(@effect/platform@0.96.0(effect@3.21.1))(effect@3.21.1))(@effect/platform@0.96.0(effect@3.21.1))(effect@3.21.1))(effect@3.21.1)
      effect:
        specifier: 3.21.1
        version: 3.21.1

packages:

  '@effect/cluster@0.58.1':
    resolution: {integrity: sha512-NLFp9Fl+dltmBwBt7jJP/SUmKwWFxvAPGblzApjtMSiYiGntYZl+khOKJO7Y7pzkmEnFORzDmov0Tdc2z5mZ3A==}
    peerDependencies:
      '@effect/platform': ^0.96.0
      '@effect/rpc': ^0.75.0
      '@effect/sql': ^0.51.0
      '@effect/workflow': ^0.18.0
      effect: ^3.21.1

  '@effect/experimental@0.60.0':
    resolution: {integrity: sha512-i5zIg7Xup2KgHyqHlYtkgqSE1bNzCL0GbbTQxrpIzKF0q/ebknOk/ox8B/gIq2vImjoEE81h/oxU+6i1NH210g==}
    peerDependencies:
      '@effect/platform': ^0.96.0
      effect: ^3.21.0
      ioredis: ^5
      lmdb: ^3
    peerDependenciesMeta:
      ioredis:
        optional: true
      lmdb:
        optional: true

  '@effect/platform-bun@0.89.0':
    resolution: {integrity: sha512-ReT5f2vujJfffMOBexrgwJd2RLxgfr2G0c1FyCsoflcjdQJ7RZE3cwHDp1M3hAzmG67wWAssMHqLsX6H/n27sQ==}
    peerDependencies:
      '@effect/cluster': ^0.58.0
      '@effect/platform': ^0.96.0
      '@effect/rpc': ^0.75.0
      '@effect/sql': ^0.51.0
      effect: ^3.21.0

  '@effect/platform-node-shared@0.59.0':
    resolution: {integrity: sha512-3bq2YKKfLY7UFauZSxqZUneCXoA3SMSls82V+0RKunvRlfPuPQW0hVn6t1RkvEdh0PDoygWG2mZXYQa6Iqgp9A==}
    peerDependencies:
      '@effect/cluster': ^0.58.0
      '@effect/platform': ^0.96.0
      '@effect/rpc': ^0.75.0
      '@effect/sql': ^0.51.0
      effect: ^3.21.0

  '@effect/platform@0.96.0':
    resolution: {integrity: sha512-U7PLhkVzg7zzrgFvyWATOzD6reL87KG/fcdOxgLWBQ/J5CCU6qdPAVG+0o6o+IxcsLoqGwxs+rFxaFzrdtDV1A==}
    peerDependencies:
      effect: ^3.21.0

  '@effect/rpc@0.75.0':
    resolution: {integrity: sha512-VFeJ16cZUXqiIzG9UHOVKGuiBPJ7fV+0lEbJU6xi12JnnxXe/19BQPpOwiRawCUbPOR3/xIURDUgGxU+Ft0pvQ==}
    peerDependencies:
      '@effect/platform': ^0.96.0
      effect: ^3.21.0

  '@effect/sql@0.51.0':
    resolution: {integrity: sha512-e7hWe46QD15eMCr4kNBMVdItIVK/WLHJG+d8DLL1FjVf5Ra82k2mwUYIXplJewVbHjt3my6GSKPPd1ZrQjVd5A==}
    peerDependencies:
      '@effect/experimental': ^0.60.0
      '@effect/platform': ^0.96.0
      effect: ^3.21.0

  '@effect/workflow@0.18.0':
    resolution: {integrity: sha512-9Zp+x9ADtR0H6CRhU6wLyPcIRjO1PXjvSpUlFlBQ8piw7ldjPmnUWEY8YQuH6eExV2dalQ4z2LMiZ5Bd7XAJbA==}
    peerDependencies:
      '@effect/experimental': ^0.60.0
      '@effect/platform': ^0.96.0
      '@effect/rpc': ^0.75.0
      effect: ^3.21.0

  '@msgpackr-extract/msgpackr-extract-darwin-arm64@3.0.3':
    resolution: {integrity: sha512-QZHtlVgbAdy2zAqNA9Gu1UpIuI8Xvsd1v8ic6B2pZmeFnFcMWiPLfWXh7TVw4eGEZ/C9TH281KwhVoeQUKbyjw==}
    cpu: [arm64]
    os: [darwin]

  '@msgpackr-extract/msgpackr-extract-darwin-x64@3.0.3':
    resolution: {integrity: sha512-mdzd3AVzYKuUmiWOQ8GNhl64/IoFGol569zNRdkLReh6LRLHOXxU4U8eq0JwaD8iFHdVGqSy4IjFL4reoWCDFw==}
    cpu: [x64]
    os: [darwin]

  '@msgpackr-extract/msgpackr-extract-linux-arm64@3.0.3':
    resolution: {integrity: sha512-YxQL+ax0XqBJDZiKimS2XQaf+2wDGVa1enVRGzEvLLVFeqa5kx2bWbtcSXgsxjQB7nRqqIGFIcLteF/sHeVtQg==}
    cpu: [arm64]
    os: [linux]

  '@msgpackr-extract/msgpackr-extract-linux-arm@3.0.3':
    resolution: {integrity: sha512-fg0uy/dG/nZEXfYilKoRe7yALaNmHoYeIoJuJ7KJ+YyU2bvY8vPv27f7UKhGRpY6euFYqEVhxCFZgAUNQBM3nw==}
    cpu: [arm]
    os: [linux]

  '@msgpackr-extract/msgpackr-extract-linux-x64@3.0.3':
    resolution: {integrity: sha512-cvwNfbP07pKUfq1uH+S6KJ7dT9K8WOE4ZiAcsrSes+UY55E/0jLYc+vq+DO7jlmqRb5zAggExKm0H7O/CBaesg==}
    cpu: [x64]
    os: [linux]

  '@msgpackr-extract/msgpackr-extract-win32-x64@3.0.3':
    resolution: {integrity: sha512-x0fWaQtYp4E6sktbsdAqnehxDgEc/VwM7uLsRCYWaiGu0ykYdZPiS8zCWdnjHwyiumousxfBm4SO31eXqwEZhQ==}
    cpu: [x64]
    os: [win32]

  '@parcel/watcher-android-arm64@2.5.6':
    resolution: {integrity: sha512-YQxSS34tPF/6ZG7r/Ih9xy+kP/WwediEUsqmtf0cuCV5TPPKw/PQHRhueUo6JdeFJaqV3pyjm0GdYjZotbRt/A==}
    engines: {node: '>= 10.0.0'}
    cpu: [arm64]
    os: [android]

  '@parcel/watcher-darwin-arm64@2.5.6':
    resolution: {integrity: sha512-Z2ZdrnwyXvvvdtRHLmM4knydIdU9adO3D4n/0cVipF3rRiwP+3/sfzpAwA/qKFL6i1ModaabkU7IbpeMBgiVEA==}
    engines: {node: '>= 10.0.0'}
    cpu: [arm64]
    os: [darwin]

  '@parcel/watcher-darwin-x64@2.5.6':
    resolution: {integrity: sha512-HgvOf3W9dhithcwOWX9uDZyn1lW9R+7tPZ4sug+NGrGIo4Rk1hAXLEbcH1TQSqxts0NYXXlOWqVpvS1SFS4fRg==}
    engines: {node: '>= 10.0.0'}
    cpu: [x64]
    os: [darwin]

  '@parcel/watcher-freebsd-x64@2.5.6':
    resolution: {integrity: sha512-vJVi8yd/qzJxEKHkeemh7w3YAn6RJCtYlE4HPMoVnCpIXEzSrxErBW5SJBgKLbXU3WdIpkjBTeUNtyBVn8TRng==}
    engines: {node: '>= 10.0.0'}
    cpu: [x64]
    os: [freebsd]

  '@parcel/watcher-linux-arm-glibc@2.5.6':
    resolution: {integrity: sha512-9JiYfB6h6BgV50CCfasfLf/uvOcJskMSwcdH1PHH9rvS1IrNy8zad6IUVPVUfmXr+u+Km9IxcfMLzgdOudz9EQ==}
    engines: {node: '>= 10.0.0'}
    cpu: [arm]
    os: [linux]

  '@parcel/watcher-linux-arm-musl@2.5.6':
    resolution: {integrity: sha512-Ve3gUCG57nuUUSyjBq/MAM0CzArtuIOxsBdQ+ftz6ho8n7s1i9E1Nmk/xmP323r2YL0SONs1EuwqBp2u1k5fxg==}
    engines: {node: '>= 10.0.0'}
    cpu: [arm]
    os: [linux]

  '@parcel/watcher-linux-arm64-glibc@2.5.6':
    resolution: {integrity: sha512-f2g/DT3NhGPdBmMWYoxixqYr3v/UXcmLOYy16Bx0TM20Tchduwr4EaCbmxh1321TABqPGDpS8D/ggOTaljijOA==}
    engines: {node: '>= 10.0.0'}
    cpu: [arm64]
    os: [linux]

  '@parcel/watcher-linux-arm64-musl@2.5.6':
    resolution: {integrity: sha512-qb6naMDGlbCwdhLj6hgoVKJl2odL34z2sqkC7Z6kzir8b5W65WYDpLB6R06KabvZdgoHI/zxke4b3zR0wAbDTA==}
    engines: {node: '>= 10.0.0'}
    cpu: [arm64]
    os: [linux]

  '@parcel/watcher-linux-x64-glibc@2.5.6':
    resolution: {integrity: sha512-kbT5wvNQlx7NaGjzPFu8nVIW1rWqV780O7ZtkjuWaPUgpv2NMFpjYERVi0UYj1msZNyCzGlaCWEtzc+exjMGbQ==}
    engines: {node: '>= 10.0.0'}
    cpu: [x64]
    os: [linux]

  '@parcel/watcher-linux-x64-musl@2.5.6':
    resolution: {integrity: sha512-1JRFeC+h7RdXwldHzTsmdtYR/Ku8SylLgTU/reMuqdVD7CtLwf0VR1FqeprZ0eHQkO0vqsbvFLXUmYm/uNKJBg==}
    engines: {node: '>= 10.0.0'}
    cpu: [x64]
    os: [linux]

  '@parcel/watcher-win32-arm64@2.5.6':
    resolution: {integrity: sha512-3ukyebjc6eGlw9yRt678DxVF7rjXatWiHvTXqphZLvo7aC5NdEgFufVwjFfY51ijYEWpXbqF5jtrK275z52D4Q==}
    engines: {node: '>= 10.0.0'}
    cpu: [arm64]
    os: [win32]

  '@parcel/watcher-win32-ia32@2.5.6':
    resolution: {integrity: sha512-k35yLp1ZMwwee3Ez/pxBi5cf4AoBKYXj00CZ80jUz5h8prpiaQsiRPKQMxoLstNuqe2vR4RNPEAEcjEFzhEz/g==}
    engines: {node: '>= 10.0.0'}
    cpu: [ia32]
    os: [win32]

  '@parcel/watcher-win32-x64@2.5.6':
    resolution: {integrity: sha512-hbQlYcCq5dlAX9Qx+kFb0FHue6vbjlf0FrNzSKdYK2APUf7tGfGxQCk2ihEREmbR6ZMc0MVAD5RIX/41gpUzTw==}
    engines: {node: '>= 10.0.0'}
    cpu: [x64]
    os: [win32]

  '@parcel/watcher@2.5.6':
    resolution: {integrity: sha512-tmmZ3lQxAe/k/+rNnXQRawJ4NjxO2hqiOLTHvWchtGZULp4RyFeh6aU4XdOYBFe2KE1oShQTv4AblOs2iOrNnQ==}
    engines: {node: '>= 10.0.0'}

  '@standard-schema/spec@1.1.0':
    resolution: {integrity: sha512-l2aFy5jALhniG5HgqrD6jXLi/rUWrKvqN/qJx6yoJsgKhblVd+iqqU4RCXavm/jPityDo5TCvKMnpjKnOriy0w==}

  detect-libc@2.1.2:
    resolution: {integrity: sha512-Btj2BOOO83o3WyH59e8MgXsxEQVcarkUOpEYrubB0urwnN10yQ364rsiByU11nZlqWYZm05i/of7io4mzihBtQ==}
    engines: {node: '>=8'}

  effect@3.21.1:
    resolution: {integrity: sha512-bA3TsBd0mByThuCnE6FQqS+L3DLazk4UbE9jp0CqVfIjQl5DKi8sAe93O/ZKeF7clL65fJxcsVGiAKYXdnHByA==}

  fast-check@3.23.2:
    resolution: {integrity: sha512-h5+1OzzfCC3Ef7VbtKdcv7zsstUQwUDlYpUTvjeUsJAssPgLn7QzbboPtL5ro04Mq0rPOsMzl7q5hIbRs2wD1A==}
    engines: {node: '>=8.0.0'}

  find-my-way-ts@0.1.6:
    resolution: {integrity: sha512-a85L9ZoXtNAey3Y6Z+eBWW658kO/MwR7zIafkIUPUMf3isZG0NCs2pjW2wtjxAKuJPxMAsHUIP4ZPGv0o5gyTA==}

  is-extglob@2.1.1:
    resolution: {integrity: sha512-SbKbANkN603Vi4jEZv49LeVJMn4yGwsbzZworEoyEiutsN3nJYdbO36zfhGJ6QEDpOZIFkDtnq5JRxmvl3jsoQ==}
    engines: {node: '>=0.10.0'}

  is-glob@4.0.3:
    resolution: {integrity: sha512-xelSayHH36ZgE7ZWhli7pW34hNbNl8Ojv5KVmkJD4hBdD3th8Tfk9vYasLM+mXWOZhFkgZfxhLSnrwRr4elSSg==}
    engines: {node: '>=0.10.0'}

  kubernetes-types@1.30.0:
    resolution: {integrity: sha512-Dew1okvhM/SQcIa2rcgujNndZwU8VnSapDgdxlYoB84ZlpAD43U6KLAFqYo17ykSFGHNPrg0qry0bP+GJd9v7Q==}

  msgpackr-extract@3.0.3:
    resolution: {integrity: sha512-P0efT1C9jIdVRefqjzOQ9Xml57zpOXnIuS+csaB4MdZbTdmGDLo8XhzBG1N7aO11gKDDkJvBLULeFTo46wwreA==}
    hasBin: true

  msgpackr@1.11.10:
    resolution: {integrity: sha512-iCZNq+HszvF+fC3anCm4nBmWEnbeIAfpDs6IStAEKhQ2YSgkjzVG2FF9XJqwwQh5bH3N9OUTUt4QwVN6MLMLtA==}

  multipasta@0.2.7:
    resolution: {integrity: sha512-KPA58d68KgGil15oDqXjkUBEBYc00XvbPj5/X+dyzeo/lWm9Nc25pQRlf1D+gv4OpK7NM0J1odrbu9JNNGvynA==}

  node-addon-api@7.1.1:
    resolution: {integrity: sha512-5m3bsyrjFWE1xf7nz7YXdN4udnVtXK6/Yfgn5qnahL6bCkf2yKt4k3nuTKAtT4r3IG8JNR2ncsIMdZuAzJjHQQ==}

  node-gyp-build-optional-packages@5.2.2:
    resolution: {integrity: sha512-s+w+rBWnpTMwSFbaE0UXsRlg7hU4FjekKU4eyAih5T8nJuNZT1nNsskXpxmeqSK9UzkBl6UgRlnKc8hz8IEqOw==}
    hasBin: true

  picomatch@4.0.4:
    resolution: {integrity: sha512-QP88BAKvMam/3NxH6vj2o21R6MjxZUAd6nlwAS/pnGvN9IVLocLHxGYIzFhg6fUQ+5th6P4dv4eW9jX3DSIj7A==}
    engines: {node: '>=12'}

  pure-rand@6.1.0:
    resolution: {integrity: sha512-bVWawvoZoBYpp6yIoQtQXHZjmz35RSVHnUOTefl8Vcjr8snTPY1wnpSPMWekcFwbxI6gtmT7rSYPFvz71ldiOA==}

  uuid@11.1.0:
    resolution: {integrity: sha512-0/A9rDy9P7cJ+8w1c9WD9V//9Wj15Ce2MPz8Ri6032usz+NfePxx5AcN3bN+r6ZL6jEo066/yNYB3tn4pQEx+A==}
    hasBin: true

  ws@8.20.0:
    resolution: {integrity: sha512-sAt8BhgNbzCtgGbt2OxmpuryO63ZoDk/sqaB/znQm94T4fCEsy/yV+7CdC1kJhOU9lboAEU7R3kquuycDoibVA==}
    engines: {node: '>=10.0.0'}
    peerDependencies:
      bufferutil: ^4.0.1
      utf-8-validate: '>=5.0.2'
    peerDependenciesMeta:
      bufferutil:
        optional: true
      utf-8-validate:
        optional: true

snapshots:

  '@effect/cluster@0.58.1(@effect/platform@0.96.0(effect@3.21.1))(@effect/rpc@0.75.0(@effect/platform@0.96.0(effect@3.21.1))(effect@3.21.1))(@effect/sql@0.51.0(@effect/experimental@0.60.0(@effect/platform@0.96.0(effect@3.21.1))(effect@3.21.1))(@effect/platform@0.96.0(effect@3.21.1))(effect@3.21.1))(@effect/workflow@0.18.0(@effect/experimental@0.60.0(@effect/platform@0.96.0(effect@3.21.1))(effect@3.21.1))(@effect/platform@0.96.0(effect@3.21.1))(@effect/rpc@0.75.0(@effect/platform@0.96.0(effect@3.21.1))(effect@3.21.1))(effect@3.21.1))(effect@3.21.1)':
    dependencies:
      '@effect/platform': 0.96.0(effect@3.21.1)
      '@effect/rpc': 0.75.0(@effect/platform@0.96.0(effect@3.21.1))(effect@3.21.1)
      '@effect/sql': 0.51.0(@effect/experimental@0.60.0(@effect/platform@0.96.0(effect@3.21.1))(effect@3.21.1))(@effect/platform@0.96.0(effect@3.21.1))(effect@3.21.1)
      '@effect/workflow': 0.18.0(@effect/experimental@0.60.0(@effect/platform@0.96.0(effect@3.21.1))(effect@3.21.1))(@effect/platform@0.96.0(effect@3.21.1))(@effect/rpc@0.75.0(@effect/platform@0.96.0(effect@3.21.1))(effect@3.21.1))(effect@3.21.1)
      effect: 3.21.1
      kubernetes-types: 1.30.0

  '@effect/experimental@0.60.0(@effect/platform@0.96.0(effect@3.21.1))(effect@3.21.1)':
    dependencies:
      '@effect/platform': 0.96.0(effect@3.21.1)
      effect: 3.21.1
      uuid: 11.1.0

  '@effect/platform-bun@0.89.0(@effect/cluster@0.58.1(@effect/platform@0.96.0(effect@3.21.1))(@effect/rpc@0.75.0(@effect/platform@0.96.0(effect@3.21.1))(effect@3.21.1))(@effect/sql@0.51.0(@effect/experimental@0.60.0(@effect/platform@0.96.0(effect@3.21.1))(effect@3.21.1))(@effect/platform@0.96.0(effect@3.21.1))(effect@3.21.1))(@effect/workflow@0.18.0(@effect/experimental@0.60.0(@effect/platform@0.96.0(effect@3.21.1))(effect@3.21.1))(@effect/platform@0.96.0(effect@3.21.1))(@effect/rpc@0.75.0(@effect/platform@0.96.0(effect@3.21.1))(effect@3.21.1))(effect@3.21.1))(effect@3.21.1))(@effect/platform@0.96.0(effect@3.21.1))(@effect/rpc@0.75.0(@effect/platform@0.96.0(effect@3.21.1))(effect@3.21.1))(@effect/sql@0.51.0(@effect/experimental@0.60.0(@effect/platform@0.96.0(effect@3.21.1))(effect@3.21.1))(@effect/platform@0.96.0(effect@3.21.1))(effect@3.21.1))(effect@3.21.1)':
    dependencies:
      '@effect/cluster': 0.58.1(@effect/platform@0.96.0(effect@3.21.1))(@effect/rpc@0.75.0(@effect/platform@0.96.0(effect@3.21.1))(effect@3.21.1))(@effect/sql@0.51.0(@effect/experimental@0.60.0(@effect/platform@0.96.0(effect@3.21.1))(effect@3.21.1))(@effect/platform@0.96.0(effect@3.21.1))(effect@3.21.1))(@effect/workflow@0.18.0(@effect/experimental@0.60.0(@effect/platform@0.96.0(effect@3.21.1))(effect@3.21.1))(@effect/platform@0.96.0(effect@3.21.1))(@effect/rpc@0.75.0(@effect/platform@0.96.0(effect@3.21.1))(effect@3.21.1))(effect@3.21.1))(effect@3.21.1)
      '@effect/platform': 0.96.0(effect@3.21.1)
      '@effect/platform-node-shared': 0.59.0(@effect/cluster@0.58.1(@effect/platform@0.96.0(effect@3.21.1))(@effect/rpc@0.75.0(@effect/platform@0.96.0(effect@3.21.1))(effect@3.21.1))(@effect/sql@0.51.0(@effect/experimental@0.60.0(@effect/platform@0.96.0(effect@3.21.1))(effect@3.21.1))(@effect/platform@0.96.0(effect@3.21.1))(effect@3.21.1))(@effect/workflow@0.18.0(@effect/experimental@0.60.0(@effect/platform@0.96.0(effect@3.21.1))(effect@3.21.1))(@effect/platform@0.96.0(effect@3.21.1))(@effect/rpc@0.75.0(@effect/platform@0.96.0(effect@3.21.1))(effect@3.21.1))(effect@3.21.1))(effect@3.21.1))(@effect/platform@0.96.0(effect@3.21.1))(@effect/rpc@0.75.0(@effect/platform@0.96.0(effect@3.21.1))(effect@3.21.1))(@effect/sql@0.51.0(@effect/experimental@0.60.0(@effect/platform@0.96.0(effect@3.21.1))(effect@3.21.1))(@effect/platform@0.96.0(effect@3.21.1))(effect@3.21.1))(effect@3.21.1)
      '@effect/rpc': 0.75.0(@effect/platform@0.96.0(effect@3.21.1))(effect@3.21.1)
      '@effect/sql': 0.51.0(@effect/experimental@0.60.0(@effect/platform@0.96.0(effect@3.21.1))(effect@3.21.1))(@effect/platform@0.96.0(effect@3.21.1))(effect@3.21.1)
      effect: 3.21.1
      multipasta: 0.2.7
    transitivePeerDependencies:
      - bufferutil
      - utf-8-validate

  '@effect/platform-node-shared@0.59.0(@effect/cluster@0.58.1(@effect/platform@0.96.0(effect@3.21.1))(@effect/rpc@0.75.0(@effect/platform@0.96.0(effect@3.21.1))(effect@3.21.1))(@effect/sql@0.51.0(@effect/experimental@0.60.0(@effect/platform@0.96.0(effect@3.21.1))(effect@3.21.1))(@effect/platform@0.96.0(effect@3.21.1))(effect@3.21.1))(@effect/workflow@0.18.0(@effect/experimental@0.60.0(@effect/platform@0.96.0(effect@3.21.1))(effect@3.21.1))(@effect/platform@0.96.0(effect@3.21.1))(@effect/rpc@0.75.0(@effect/platform@0.96.0(effect@3.21.1))(effect@3.21.1))(effect@3.21.1))(effect@3.21.1))(@effect/platform@0.96.0(effect@3.21.1))(@effect/rpc@0.75.0(@effect/platform@0.96.0(effect@3.21.1))(effect@3.21.1))(@effect/sql@0.51.0(@effect/experimental@0.60.0(@effect/platform@0.96.0(effect@3.21.1))(effect@3.21.1))(@effect/platform@0.96.0(effect@3.21.1))(effect@3.21.1))(effect@3.21.1)':
    dependencies:
      '@effect/cluster': 0.58.1(@effect/platform@0.96.0(effect@3.21.1))(@effect/rpc@0.75.0(@effect/platform@0.96.0(effect@3.21.1))(effect@3.21.1))(@effect/sql@0.51.0(@effect/experimental@0.60.0(@effect/platform@0.96.0(effect@3.21.1))(effect@3.21.1))(@effect/platform@0.96.0(effect@3.21.1))(effect@3.21.1))(@effect/workflow@0.18.0(@effect/experimental@0.60.0(@effect/platform@0.96.0(effect@3.21.1))(effect@3.21.1))(@effect/platform@0.96.0(effect@3.21.1))(@effect/rpc@0.75.0(@effect/platform@0.96.0(effect@3.21.1))(effect@3.21.1))(effect@3.21.1))(effect@3.21.1)
      '@effect/platform': 0.96.0(effect@3.21.1)
      '@effect/rpc': 0.75.0(@effect/platform@0.96.0(effect@3.21.1))(effect@3.21.1)
      '@effect/sql': 0.51.0(@effect/experimental@0.60.0(@effect/platform@0.96.0(effect@3.21.1))(effect@3.21.1))(@effect/platform@0.96.0(effect@3.21.1))(effect@3.21.1)
      '@parcel/watcher': 2.5.6
      effect: 3.21.1
      multipasta: 0.2.7
      ws: 8.20.0
    transitivePeerDependencies:
      - bufferutil
      - utf-8-validate

  '@effect/platform@0.96.0(effect@3.21.1)':
    dependencies:
      effect: 3.21.1
      find-my-way-ts: 0.1.6
      msgpackr: 1.11.10
      multipasta: 0.2.7

  '@effect/rpc@0.75.0(@effect/platform@0.96.0(effect@3.21.1))(effect@3.21.1)':
    dependencies:
      '@effect/platform': 0.96.0(effect@3.21.1)
      effect: 3.21.1
      msgpackr: 1.11.10

  '@effect/sql@0.51.0(@effect/experimental@0.60.0(@effect/platform@0.96.0(effect@3.21.1))(effect@3.21.1))(@effect/platform@0.96.0(effect@3.21.1))(effect@3.21.1)':
    dependencies:
      '@effect/experimental': 0.60.0(@effect/platform@0.96.0(effect@3.21.1))(effect@3.21.1)
      '@effect/platform': 0.96.0(effect@3.21.1)
      effect: 3.21.1
      uuid: 11.1.0

  '@effect/workflow@0.18.0(@effect/experimental@0.60.0(@effect/platform@0.96.0(effect@3.21.1))(effect@3.21.1))(@effect/platform@0.96.0(effect@3.21.1))(@effect/rpc@0.75.0(@effect/platform@0.96.0(effect@3.21.1))(effect@3.21.1))(effect@3.21.1)':
    dependencies:
      '@effect/experimental': 0.60.0(@effect/platform@0.96.0(effect@3.21.1))(effect@3.21.1)
      '@effect/platform': 0.96.0(effect@3.21.1)
      '@effect/rpc': 0.75.0(@effect/platform@0.96.0(effect@3.21.1))(effect@3.21.1)
      effect: 3.21.1

  '@msgpackr-extract/msgpackr-extract-darwin-arm64@3.0.3':
    optional: true

  '@msgpackr-extract/msgpackr-extract-darwin-x64@3.0.3':
    optional: true

  '@msgpackr-extract/msgpackr-extract-linux-arm64@3.0.3':
    optional: true

  '@msgpackr-extract/msgpackr-extract-linux-arm@3.0.3':
    optional: true

  '@msgpackr-extract/msgpackr-extract-linux-x64@3.0.3':
    optional: true

  '@msgpackr-extract/msgpackr-extract-win32-x64@3.0.3':
    optional: true

  '@parcel/watcher-android-arm64@2.5.6':
    optional: true

  '@parcel/watcher-darwin-arm64@2.5.6':
    optional: true

  '@parcel/watcher-darwin-x64@2.5.6':
    optional: true

  '@parcel/watcher-freebsd-x64@2.5.6':
    optional: true

  '@parcel/watcher-linux-arm-glibc@2.5.6':
    optional: true

  '@parcel/watcher-linux-arm-musl@2.5.6':
    optional: true

  '@parcel/watcher-linux-arm64-glibc@2.5.6':
    optional: true

  '@parcel/watcher-linux-arm64-musl@2.5.6':
    optional: true

  '@parcel/watcher-linux-x64-glibc@2.5.6':
    optional: true

  '@parcel/watcher-linux-x64-musl@2.5.6':
    optional: true

  '@parcel/watcher-win32-arm64@2.5.6':
    optional: true

  '@parcel/watcher-win32-ia32@2.5.6':
    optional: true

  '@parcel/watcher-win32-x64@2.5.6':
    optional: true

  '@parcel/watcher@2.5.6':
    dependencies:
      detect-libc: 2.1.2
      is-glob: 4.0.3
      node-addon-api: 7.1.1
      picomatch: 4.0.4
    optionalDependencies:
      '@parcel/watcher-android-arm64': 2.5.6
      '@parcel/watcher-darwin-arm64': 2.5.6
      '@parcel/watcher-darwin-x64': 2.5.6
      '@parcel/watcher-freebsd-x64': 2.5.6
      '@parcel/watcher-linux-arm-glibc': 2.5.6
      '@parcel/watcher-linux-arm-musl': 2.5.6
      '@parcel/watcher-linux-arm64-glibc': 2.5.6
      '@parcel/watcher-linux-arm64-musl': 2.5.6
      '@parcel/watcher-linux-x64-glibc': 2.5.6
      '@parcel/watcher-linux-x64-musl': 2.5.6
      '@parcel/watcher-win32-arm64': 2.5.6
      '@parcel/watcher-win32-ia32': 2.5.6
      '@parcel/watcher-win32-x64': 2.5.6

  '@standard-schema/spec@1.1.0': {}

  detect-libc@2.1.2: {}

  effect@3.21.1:
    dependencies:
      '@standard-schema/spec': 1.1.0
      fast-check: 3.23.2

  fast-check@3.23.2:
    dependencies:
      pure-rand: 6.1.0

  find-my-way-ts@0.1.6: {}

  is-extglob@2.1.1: {}

  is-glob@4.0.3:
    dependencies:
      is-extglob: 2.1.1

  kubernetes-types@1.30.0: {}

  msgpackr-extract@3.0.3:
    dependencies:
      node-gyp-build-optional-packages: 5.2.2
    optionalDependencies:
      '@msgpackr-extract/msgpackr-extract-darwin-arm64': 3.0.3
      '@msgpackr-extract/msgpackr-extract-darwin-x64': 3.0.3
      '@msgpackr-extract/msgpackr-extract-linux-arm': 3.0.3
      '@msgpackr-extract/msgpackr-extract-linux-arm64': 3.0.3
      '@msgpackr-extract/msgpackr-extract-linux-x64': 3.0.3
      '@msgpackr-extract/msgpackr-extract-win32-x64': 3.0.3
    optional: true

  msgpackr@1.11.10:
    optionalDependencies:
      msgpackr-extract: 3.0.3

  multipasta@0.2.7: {}

  node-addon-api@7.1.1: {}

  node-gyp-build-optional-packages@5.2.2:
    dependencies:
      detect-libc: 2.1.2
    optional: true

  picomatch@4.0.4: {}

  pure-rand@6.1.0: {}

  uuid@11.1.0: {}

  ws@8.20.0: {}
